
Microsoft Visual Studio Solution File, Format Version 12.00
# Visual Studio Version 16
VisualStudioVersion = 16.0.30406.217
MinimumVisualStudioVersion = 10.0.40219.1
Project("{9A19103F-16F7-4668-BE54-9A1E7A4F7556}") = "ECommerce.API.Products", "ECommerce.API.Products\ECommerce.API.Products.csproj", "{3AFA76C2-5B22-4A56-A88C-C40133A294AF}"
EndProject
Project("{9A19103F-16F7-4668-BE54-9A1E7A4F7556}") = "ECommerce.API.Customers", "ECommerce.API.Customers\ECommerce.API.Customers.csproj", "{55D9DE71-A83B-4F1C-83D4-313A4FDAB597}"
EndProject
Project("{9A19103F-16F7-4668-BE54-9A1E7A4F7556}") = "ECommerce.API.Orders", "ECommerce.API.Orders\ECommerce.API.Orders.csproj", "{7874B8B5-0B68-410D-9D27-5E21431B6FF3}"
EndProject
Project("{9A19103F-16F7-4668-BE54-9A1E7A4F7556}") = "ECommerce.API.Search", "ECommerce.API.Search\ECommerce.API.Search.csproj", "{A818AA32-8D9A-4433-9EC5-3C54DA174BF4}"
EndProject
Project("{9A19103F-16F7-4668-BE54-9A1E7A4F7556}") = "ECommerce.API.Products.Tests", "ECommerce.API.Products.Tests\ECommerce.API.Products.Tests.csproj", "{1CF9F7E2-CE20-41C8-8E11-09F4154D76DB}"
EndProject
Project("{E53339B2-1760-4266-BCC7-CA923CBCF16C}") = "docker-compose", "docker-compose.dcproj", "{2D6DD11E-A3D7-4B7A-8F88-CC8D359FB41A}"
EndProject
Global
	GlobalSection(SolutionConfigurationPlatforms) = preSolution
		Debug|Any CPU = Debug|Any CPU
		Release|Any CPU = Release|Any CPU
	EndGlobalSection
	GlobalSection(ProjectConfigurationPlatforms) = postSolution
		{3AFA76C2-5B22-4A56-A88C-C40133A294AF}.Debug|Any CPU.ActiveCfg = Debug|Any CPU
		{3AFA76C2-5B22-4A56-A88C-C40133A294AF}.Debug|Any CPU.Build.0 = Debug|Any CPU
		{3AFA76C2-5B22-4A56-A88C-C40133A294AF}.Release|Any CPU.ActiveCfg = Release|Any CPU
		{3AFA76C2-5B22-4A56-A88C-C40133A294AF}.Release|Any CPU.Build.0 = Release|Any CPU
		{55D9DE71-A83B-4F1C-83D4-313A4FDAB597}.Debug|Any CPU.ActiveCfg = Debug|Any CPU
		{55D9DE71-A83B-4F1C-83D4-313A4FDAB597}.Debug|Any CPU.Build.0 = Debug|Any CPU
		{55D9DE71-A83B-4F1C-83D4-313A4FDAB597}.Release|Any CPU.ActiveCfg = Release|Any CPU
		{55D9DE71-A83B-4F1C-83D4-313A4FDAB597}.Release|Any CPU.Build.0 = Release|Any CPU
		{7874B8B5-0B68-410D-9D27-5E21431B6FF3}.Debug|Any CPU.ActiveCfg = Debug|Any CPU
		{7874B8B5-0B68-410D-9D27-5E21431B6FF3}.Debug|Any CPU.Build.0 = Debug|Any CPU
		{7874B8B5-0B68-410D-9D27-5E21431B6FF3}.Release|Any CPU.ActiveCfg = Release|Any CPU
		{7874B8B5-0B68-410D-9D27-5E21431B6FF3}.Release|Any CPU.Build.0 = Release|Any CPU
		{A818AA32-8D9A-4433-9EC5-3C54DA174BF4}.Debug|Any CPU.ActiveCfg = Debug|Any CPU
		{A818AA32-8D9A-4433-9EC5-3C54DA174BF4}.Debug|Any CPU.Build.0 = Debug|Any CPU
		{A818AA32-8D9A-4433-9EC5-3C54DA174BF4}.Release|Any CPU.ActiveCfg = Release|Any CPU
		{A818AA32-8D9A-4433-9EC5-3C54DA174BF4}.Release|Any CPU.Build.0 = Release|Any CPU
		{1CF9F7E2-CE20-41C8-8E11-09F4154D76DB}.Debug|Any CPU.ActiveCfg = Debug|Any CPU
		{1CF9F7E2-CE20-41C8-8E11-09F4154D76DB}.Debug|Any CPU.Build.0 = Debug|Any CPU
		{1CF9F7E2-CE20-41C8-8E11-09F4154D76DB}.Release|Any CPU.ActiveCfg = Release|Any CPU
		{1CF9F7E2-CE20-41C8-8E11-09F4154D76DB}.Release|Any CPU.Build.0 = Release|Any CPU
		{2D6DD11E-A3D7-4B7A-8F88-CC8D359FB41A}.Debug|Any CPU.ActiveCfg = Debug|Any CPU
		{2D6DD11E-A3D7-4B7A-8F88-CC8D359FB41A}.Debug|Any CPU.Build.0 = Debug|Any CPU
		{2D6DD11E-A3D7-4B7A-8F88-CC8D359FB41A}.Release|Any CPU.ActiveCfg = Release|Any CPU
		{2D6DD11E-A3D7-4B7A-8F88-CC8D359FB41A}.Release|Any CPU.Build.0 = Release|Any CPU
	EndGlobalSection
	GlobalSection(SolutionProperties) = preSolution
		HideSolutionNode = FALSE
	EndGlobalSection
	GlobalSection(ExtensibilityGlobals) = postSolution
		SolutionGuid = {91ECEED1-662C-4720-AF65-9C17E464A29A}
	EndGlobalSection
EndGlobal
